
Microsoft Visual Studio Solution File, Format Version 12.00
# Visual Studio 15
Project("{2150E333-8FDC-42A3-9474-1A3956D46DE8}") = "Support Files", "Support Files", "{CEF91863-3AF5-4B3A-8F91-EA78E51C098B}"
	ProjectSection(SolutionItems) = preProject
		.editorconfig = .editorconfig
		.gitattributes = .gitattributes
		.gitignore = .gitignore
		LICENSE = LICENSE
		README.md = README.md
	EndProjectSection
EndProject
Project("{FAE04EC0-301F-11D3-BF4B-00C04F79EFBC}") = "Musicality.Remote.iOS", "Musicality.Remote.iOS\Musicality.Remote.iOS.csproj", "{7BF3148D-6DB0-4830-B004-0FC1CEAD2146}"
EndProject
Project("{FAE04EC0-301F-11D3-BF4B-00C04F79EFBC}") = "Musicality.Remote.Forms", "Musicality.Remote.Forms\Musicality.Remote.Forms.csproj", "{E6DECB4F-0467-49DC-854F-E52035C1C654}"
EndProject
Project("{FAE04EC0-301F-11D3-BF4B-00C04F79EFBC}") = "Musicality.Remote.Android", "Musicality.Remote.Android\Musicality.Remote.Android.csproj", "{A3002750-031D-49F5-800F-897B3EA4484D}"
EndProject
Project("{FAE04EC0-301F-11D3-BF4B-00C04F79EFBC}") = "Musicality.Remote", "Musicality.Remote\Musicality.Remote.csproj", "{F663B52D-4542-41FD-9A33-146F27FD67B4}"
EndProject
Project("{FAE04EC0-301F-11D3-BF4B-00C04F79EFBC}") = "Musicality.Remote.Tests", "Musicality.Remote.Tests\Musicality.Remote.Tests.csproj", "{EB13EB1A-207C-4ABF-BF90-2A8D5339137A}"
EndProject
Global
	GlobalSection(SolutionConfigurationPlatforms) = preSolution
		Debug|Any CPU = Debug|Any CPU
		Release|Any CPU = Release|Any CPU
		Debug|iPhoneSimulator = Debug|iPhoneSimulator
		Release|iPhoneSimulator = Release|iPhoneSimulator
		Debug|iPhone = Debug|iPhone
		Release|iPhone = Release|iPhone
	EndGlobalSection
	GlobalSection(ProjectConfigurationPlatforms) = postSolution
		{7BF3148D-6DB0-4830-B004-0FC1CEAD2146}.Debug|Any CPU.ActiveCfg = Debug|iPhoneSimulator
		{7BF3148D-6DB0-4830-B004-0FC1CEAD2146}.Debug|Any CPU.Build.0 = Debug|iPhoneSimulator
		{7BF3148D-6DB0-4830-B004-0FC1CEAD2146}.Release|Any CPU.ActiveCfg = Release|iPhoneSimulator
		{7BF3148D-6DB0-4830-B004-0FC1CEAD2146}.Release|Any CPU.Build.0 = Release|iPhoneSimulator
		{7BF3148D-6DB0-4830-B004-0FC1CEAD2146}.Debug|iPhoneSimulator.ActiveCfg = Debug|iPhoneSimulator
		{7BF3148D-6DB0-4830-B004-0FC1CEAD2146}.Debug|iPhoneSimulator.Build.0 = Debug|iPhoneSimulator
		{7BF3148D-6DB0-4830-B004-0FC1CEAD2146}.Release|iPhoneSimulator.ActiveCfg = Release|iPhoneSimulator
		{7BF3148D-6DB0-4830-B004-0FC1CEAD2146}.Release|iPhoneSimulator.Build.0 = Release|iPhoneSimulator
		{7BF3148D-6DB0-4830-B004-0FC1CEAD2146}.Debug|iPhone.ActiveCfg = Debug|iPhone
		{7BF3148D-6DB0-4830-B004-0FC1CEAD2146}.Debug|iPhone.Build.0 = Debug|iPhone
		{7BF3148D-6DB0-4830-B004-0FC1CEAD2146}.Release|iPhone.ActiveCfg = Release|iPhone
		{7BF3148D-6DB0-4830-B004-0FC1CEAD2146}.Release|iPhone.Build.0 = Release|iPhone
		{E6DECB4F-0467-49DC-854F-E52035C1C654}.Debug|Any CPU.ActiveCfg = Debug|Any CPU
		{E6DECB4F-0467-49DC-854F-E52035C1C654}.Debug|Any CPU.Build.0 = Debug|Any CPU
		{E6DECB4F-0467-49DC-854F-E52035C1C654}.Release|Any CPU.ActiveCfg = Release|Any CPU
		{E6DECB4F-0467-49DC-854F-E52035C1C654}.Release|Any CPU.Build.0 = Release|Any CPU
		{E6DECB4F-0467-49DC-854F-E52035C1C654}.Debug|iPhoneSimulator.ActiveCfg = Debug|Any CPU
		{E6DECB4F-0467-49DC-854F-E52035C1C654}.Debug|iPhoneSimulator.Build.0 = Debug|Any CPU
		{E6DECB4F-0467-49DC-854F-E52035C1C654}.Release|iPhoneSimulator.ActiveCfg = Release|Any CPU
		{E6DECB4F-0467-49DC-854F-E52035C1C654}.Release|iPhoneSimulator.Build.0 = Release|Any CPU
		{E6DECB4F-0467-49DC-854F-E52035C1C654}.Debug|iPhone.ActiveCfg = Debug|Any CPU
		{E6DECB4F-0467-49DC-854F-E52035C1C654}.Debug|iPhone.Build.0 = Debug|Any CPU
		{E6DECB4F-0467-49DC-854F-E52035C1C654}.Release|iPhone.ActiveCfg = Release|Any CPU
		{E6DECB4F-0467-49DC-854F-E52035C1C654}.Release|iPhone.Build.0 = Release|Any CPU
		{A3002750-031D-49F5-800F-897B3EA4484D}.Debug|Any CPU.ActiveCfg = Debug|Any CPU
		{A3002750-031D-49F5-800F-897B3EA4484D}.Debug|Any CPU.Build.0 = Debug|Any CPU
		{A3002750-031D-49F5-800F-897B3EA4484D}.Release|Any CPU.ActiveCfg = Release|Any CPU
		{A3002750-031D-49F5-800F-897B3EA4484D}.Release|Any CPU.Build.0 = Release|Any CPU
		{A3002750-031D-49F5-800F-897B3EA4484D}.Debug|iPhoneSimulator.ActiveCfg = Debug|Any CPU
		{A3002750-031D-49F5-800F-897B3EA4484D}.Debug|iPhoneSimulator.Build.0 = Debug|Any CPU
		{A3002750-031D-49F5-800F-897B3EA4484D}.Release|iPhoneSimulator.ActiveCfg = Release|Any CPU
		{A3002750-031D-49F5-800F-897B3EA4484D}.Release|iPhoneSimulator.Build.0 = Release|Any CPU
		{A3002750-031D-49F5-800F-897B3EA4484D}.Debug|iPhone.ActiveCfg = Debug|Any CPU
		{A3002750-031D-49F5-800F-897B3EA4484D}.Debug|iPhone.Build.0 = Debug|Any CPU
		{A3002750-031D-49F5-800F-897B3EA4484D}.Release|iPhone.ActiveCfg = Release|Any CPU
		{A3002750-031D-49F5-800F-897B3EA4484D}.Release|iPhone.Build.0 = Release|Any CPU
		{F663B52D-4542-41FD-9A33-146F27FD67B4}.Debug|Any CPU.ActiveCfg = Debug|Any CPU
		{F663B52D-4542-41FD-9A33-146F27FD67B4}.Debug|Any CPU.Build.0 = Debug|Any CPU
		{F663B52D-4542-41FD-9A33-146F27FD67B4}.Release|Any CPU.ActiveCfg = Release|Any CPU
		{F663B52D-4542-41FD-9A33-146F27FD67B4}.Release|Any CPU.Build.0 = Release|Any CPU
		{F663B52D-4542-41FD-9A33-146F27FD67B4}.Debug|iPhoneSimulator.ActiveCfg = Debug|Any CPU
		{F663B52D-4542-41FD-9A33-146F27FD67B4}.Debug|iPhoneSimulator.Build.0 = Debug|Any CPU
		{F663B52D-4542-41FD-9A33-146F27FD67B4}.Release|iPhoneSimulator.ActiveCfg = Release|Any CPU
		{F663B52D-4542-41FD-9A33-146F27FD67B4}.Release|iPhoneSimulator.Build.0 = Release|Any CPU
		{F663B52D-4542-41FD-9A33-146F27FD67B4}.Debug|iPhone.ActiveCfg = Debug|Any CPU
		{F663B52D-4542-41FD-9A33-146F27FD67B4}.Debug|iPhone.Build.0 = Debug|Any CPU
		{F663B52D-4542-41FD-9A33-146F27FD67B4}.Release|iPhone.ActiveCfg = Release|Any CPU
		{F663B52D-4542-41FD-9A33-146F27FD67B4}.Release|iPhone.Build.0 = Release|Any CPU
		{EB13EB1A-207C-4ABF-BF90-2A8D5339137A}.Debug|Any CPU.ActiveCfg = Debug|Any CPU
		{EB13EB1A-207C-4ABF-BF90-2A8D5339137A}.Debug|Any CPU.Build.0 = Debug|Any CPU
		{EB13EB1A-207C-4ABF-BF90-2A8D5339137A}.Release|Any CPU.ActiveCfg = Release|Any CPU
		{EB13EB1A-207C-4ABF-BF90-2A8D5339137A}.Release|Any CPU.Build.0 = Release|Any CPU
		{EB13EB1A-207C-4ABF-BF90-2A8D5339137A}.Debug|iPhoneSimulator.ActiveCfg = Debug|Any CPU
		{EB13EB1A-207C-4ABF-BF90-2A8D5339137A}.Debug|iPhoneSimulator.Build.0 = Debug|Any CPU
		{EB13EB1A-207C-4ABF-BF90-2A8D5339137A}.Release|iPhoneSimulator.ActiveCfg = Release|Any CPU
		{EB13EB1A-207C-4ABF-BF90-2A8D5339137A}.Release|iPhoneSimulator.Build.0 = Release|Any CPU
		{EB13EB1A-207C-4ABF-BF90-2A8D5339137A}.Debug|iPhone.ActiveCfg = Debug|Any CPU
		{EB13EB1A-207C-4ABF-BF90-2A8D5339137A}.Debug|iPhone.Build.0 = Debug|Any CPU
		{EB13EB1A-207C-4ABF-BF90-2A8D5339137A}.Release|iPhone.ActiveCfg = Release|Any CPU
		{EB13EB1A-207C-4ABF-BF90-2A8D5339137A}.Release|iPhone.Build.0 = Release|Any CPU
	EndGlobalSection
EndGlobal
